# This file is automatically @generated by Cargo.
# It is not intended for manual editing.
version = 3

[[package]]
name = "cargo-debuggable"
version = "0.0.0"

[[package]]
name = "debuggable"
version = "0.0.0"
dependencies = [
 "debuggable-derive",
]

[[package]]
name = "debuggable-derive"
version = "0.0.0"
