# This file is automatically @generated by Cargo.
# It is not intended for manual editing.
version = 4

[[package]]
name = "debuggable"
version = "0.0.0"
dependencies = [
 "debuggable-derive",
]

[[package]]
name = "debuggable-derive"
version = "0.0.0"

[[package]]
name = "fx-deps"
version = "0.1.0"
dependencies = [
 "debuggable",
 "lib2021",
 "lib2024",
]

[[package]]
name = "fx-enums"
version = "0.1.0"
dependencies = [
 "debuggable",
]

[[package]]
name = "fx-items"
version = "0.1.0"
dependencies = [
 "debuggable",
]

[[package]]
name = "fx-structs"
version = "0.1.0"
dependencies = [
 "debuggable",
]

[[package]]
name = "lib2021"
version = "0.3.1"
dependencies = [
 "debuggable",
]

[[package]]
name = "lib2024"
version = "0.3.1"
dependencies = [
 "debuggable",
]
